
Microsoft Visual Studio Solution File, Format Version 12.00
# Visual Studio Version 16
VisualStudioVersion = 16.0.31005.135
MinimumVisualStudioVersion = 10.0.40219.1
Project("{9A19103F-16F7-4668-BE54-9A1E7A4F7556}") = "daemon-console", "daemon-console.csproj", "{2037B95D-CC0D-4E6F-A643-68C9698082FB}"
EndProject
Global
	GlobalSection(SolutionConfigurationPlatforms) = preSolution
		Debug|Any CPU = Debug|Any CPU
		Release|Any CPU = Release|Any CPU
	EndGlobalSection
	GlobalSection(ProjectConfigurationPlatforms) = postSolution
		{2037B95D-CC0D-4E6F-A643-68C9698082FB}.Debug|Any CPU.ActiveCfg = Debug|Any CPU
		{2037B95D-CC0D-4E6F-A643-68C9698082FB}.Debug|Any CPU.Build.0 = Debug|Any CPU
		{2037B95D-CC0D-4E6F-A643-68C9698082FB}.Release|Any CPU.ActiveCfg = Release|Any CPU
		{2037B95D-CC0D-4E6F-A643-68C9698082FB}.Release|Any CPU.Build.0 = Release|Any CPU
	EndGlobalSection
	GlobalSection(SolutionProperties) = preSolution
		HideSolutionNode = FALSE
	EndGlobalSection
	GlobalSection(ExtensibilityGlobals) = postSolution
		SolutionGuid = {40BDB057-86CF-4921-A2BC-E9B1AF32BB64}
	EndGlobalSection
EndGlobal
